
Microsoft Visual Studio Solution File, Format Version 12.00
# Visual Studio 15
VisualStudioVersion = 15.0.27703.2026
MinimumVisualStudioVersion = 10.0.40219.1
Project("{FAE04EC0-301F-11D3-BF4B-00C04F79EFBC}") = "SAPExtractor", "SAPExtractor.csproj", "{43C40AAD-9AE6-4CD7-AEEF-02E805630598}"
EndProject
Global
	GlobalSection(SolutionConfigurationPlatforms) = preSolution
		Debug|Any CPU = Debug|Any CPU
		Release|Any CPU = Release|Any CPU
	EndGlobalSection
	GlobalSection(ProjectConfigurationPlatforms) = postSolution
		{43C40AAD-9AE6-4CD7-AEEF-02E805630598}.Debug|Any CPU.ActiveCfg = Debug|Any CPU
		{43C40AAD-9AE6-4CD7-AEEF-02E805630598}.Debug|Any CPU.Build.0 = Debug|Any CPU
		{43C40AAD-9AE6-4CD7-AEEF-02E805630598}.Release|Any CPU.ActiveCfg = Release|Any CPU
		{43C40AAD-9AE6-4CD7-AEEF-02E805630598}.Release|Any CPU.Build.0 = Release|Any CPU
	EndGlobalSection
	GlobalSection(SolutionProperties) = preSolution
		HideSolutionNode = FALSE
	EndGlobalSection
	GlobalSection(ExtensibilityGlobals) = postSolution
		SolutionGuid = {6425BCEC-9B69-44CA-BF12-D3998B7DAE4E}
	EndGlobalSection
EndGlobal
